// !$*UTF8*$!
{
	archiveVersion = 1;
	classes = {
	};
	objectVersion = 50;
	objects = {

/* Begin PBXBuildFile section */
		3256CDF82677C97A00EF4F6C /* MSDOSDelegate.swift in Sources */ = {isa = PBXBuildFile; fileRef = 3256CDF72677C97A00EF4F6C /* MSDOSDelegate.swift */; };
		327C18412678A3B600716D55 /* FloorSelectionButtons.swift in Sources */ = {isa = PBXBuildFile; fileRef = 327C18402678A3B600716D55 /* FloorSelectionButtons.swift */; };
		32D6D15F26775CCC00E53AB1 /* MultiLobby.storyboard in Resources */ = {isa = PBXBuildFile; fileRef = 32D6D15E26775CCC00E53AB1 /* MultiLobby.storyboard */; };
		32D6D16326775CEC00E53AB1 /* WaitingLift.storyboard in Resources */ = {isa = PBXBuildFile; fileRef = 32D6D16226775CEC00E53AB1 /* WaitingLift.storyboard */; };
		32D6D16526775CFD00E53AB1 /* InLift.storyboard in Resources */ = {isa = PBXBuildFile; fileRef = 32D6D16426775CFD00E53AB1 /* InLift.storyboard */; };
		32D6D16726775DF100E53AB1 /* Colors.swift in Sources */ = {isa = PBXBuildFile; fileRef = 32D6D16626775DF100E53AB1 /* Colors.swift */; };
		32D6D16F26775F9C00E53AB1 /* Lobby.swift in Sources */ = {isa = PBXBuildFile; fileRef = 32D6D16E26775F9C00E53AB1 /* Lobby.swift */; };
		32D6D172267766CC00E53AB1 /* MSDOS.swift in Sources */ = {isa = PBXBuildFile; fileRef = 32D6D171267766CC00E53AB1 /* MSDOS.swift */; };
		32D6D1742677685600E53AB1 /* Microbit.swift in Sources */ = {isa = PBXBuildFile; fileRef = 32D6D1732677685500E53AB1 /* Microbit.swift */; };
		A0604D492677594A00444469 /* AppDelegate.swift in Sources */ = {isa = PBXBuildFile; fileRef = A0604D482677594A00444469 /* AppDelegate.swift */; };
		A0604D4B2677594A00444469 /* SceneDelegate.swift in Sources */ = {isa = PBXBuildFile; fileRef = A0604D4A2677594A00444469 /* SceneDelegate.swift */; };
		A0604D4D2677594A00444469 /* ViewController.swift in Sources */ = {isa = PBXBuildFile; fileRef = A0604D4C2677594A00444469 /* ViewController.swift */; };
		A0604D502677594A00444469 /* Main.storyboard in Resources */ = {isa = PBXBuildFile; fileRef = A0604D4E2677594A00444469 /* Main.storyboard */; };
		A0604D522677594B00444469 /* Assets.xcassets in Resources */ = {isa = PBXBuildFile; fileRef = A0604D512677594B00444469 /* Assets.xcassets */; };
		A0604D552677594B00444469 /* LaunchScreen.storyboard in Resources */ = {isa = PBXBuildFile; fileRef = A0604D532677594B00444469 /* LaunchScreen.storyboard */; };
		A0604D5D267761A100444469 /* FloorSelectionViewController.swift in Sources */ = {isa = PBXBuildFile; fileRef = A0604D5C267761A100444469 /* FloorSelectionViewController.swift */; };
		A0D1DA552677D49A00316905 /* FloorSelection.storyboard in Resources */ = {isa = PBXBuildFile; fileRef = A0D1DA542677D49A00316905 /* FloorSelection.storyboard */; };
/* End PBXBuildFile section */

/* Begin PBXFileReference section */
		3256CDF72677C97A00EF4F6C /* MSDOSDelegate.swift */ = {isa = PBXFileReference; lastKnownFileType = sourcecode.swift; path = MSDOSDelegate.swift; sourceTree = "<group>"; };
		327C18402678A3B600716D55 /* FloorSelectionButtons.swift */ = {isa = PBXFileReference; lastKnownFileType = sourcecode.swift; path = FloorSelectionButtons.swift; sourceTree = "<group>"; };
		32D6D15E26775CCC00E53AB1 /* MultiLobby.storyboard */ = {isa = PBXFileReference; lastKnownFileType = file.storyboard; path = MultiLobby.storyboard; sourceTree = "<group>"; };
		32D6D16226775CEC00E53AB1 /* WaitingLift.storyboard */ = {isa = PBXFileReference; lastKnownFileType = file.storyboard; path = WaitingLift.storyboard; sourceTree = "<group>"; };
		32D6D16426775CFD00E53AB1 /* InLift.storyboard */ = {isa = PBXFileReference; lastKnownFileType = file.storyboard; path = InLift.storyboard; sourceTree = "<group>"; };
		32D6D16626775DF100E53AB1 /* Colors.swift */ = {isa = PBXFileReference; lastKnownFileType = sourcecode.swift; path = Colors.swift; sourceTree = "<group>"; };
		32D6D16E26775F9C00E53AB1 /* Lobby.swift */ = {isa = PBXFileReference; lastKnownFileType = sourcecode.swift; path = Lobby.swift; sourceTree = "<group>"; };
		32D6D171267766CC00E53AB1 /* MSDOS.swift */ = {isa = PBXFileReference; lastKnownFileType = sourcecode.swift; path = MSDOS.swift; sourceTree = "<group>"; };
		32D6D1732677685500E53AB1 /* Microbit.swift */ = {isa = PBXFileReference; fileEncoding = 4; lastKnownFileType = sourcecode.swift; path = Microbit.swift; sourceTree = "<group>"; };
		A0604D452677594A00444469 /* GRACE.app */ = {isa = PBXFileReference; explicitFileType = wrapper.application; includeInIndex = 0; path = GRACE.app; sourceTree = BUILT_PRODUCTS_DIR; };
		A0604D482677594A00444469 /* AppDelegate.swift */ = {isa = PBXFileReference; lastKnownFileType = sourcecode.swift; path = AppDelegate.swift; sourceTree = "<group>"; };
		A0604D4A2677594A00444469 /* SceneDelegate.swift */ = {isa = PBXFileReference; lastKnownFileType = sourcecode.swift; path = SceneDelegate.swift; sourceTree = "<group>"; };
		A0604D4C2677594A00444469 /* ViewController.swift */ = {isa = PBXFileReference; lastKnownFileType = sourcecode.swift; path = ViewController.swift; sourceTree = "<group>"; };
		A0604D4F2677594A00444469 /* Base */ = {isa = PBXFileReference; lastKnownFileType = file.storyboard; name = Base; path = Base.lproj/Main.storyboard; sourceTree = "<group>"; };
		A0604D512677594B00444469 /* Assets.xcassets */ = {isa = PBXFileReference; lastKnownFileType = folder.assetcatalog; path = Assets.xcassets; sourceTree = "<group>"; };
		A0604D542677594B00444469 /* Base */ = {isa = PBXFileReference; lastKnownFileType = file.storyboard; name = Base; path = Base.lproj/LaunchScreen.storyboard; sourceTree = "<group>"; };
		A0604D562677594B00444469 /* Info.plist */ = {isa = PBXFileReference; lastKnownFileType = text.plist.xml; path = Info.plist; sourceTree = "<group>"; };
		A0604D5C267761A100444469 /* FloorSelectionViewController.swift */ = {isa = PBXFileReference; lastKnownFileType = sourcecode.swift; path = FloorSelectionViewController.swift; sourceTree = "<group>"; };
		A0D1DA542677D49A00316905 /* FloorSelection.storyboard */ = {isa = PBXFileReference; fileEncoding = 4; lastKnownFileType = file.storyboard; path = FloorSelection.storyboard; sourceTree = "<group>"; };
/* End PBXFileReference section */

/* Begin PBXFrameworksBuildPhase section */
		A0604D422677594900444469 /* Frameworks */ = {
			isa = PBXFrameworksBuildPhase;
			buildActionMask = 2147483647;
			files = (
			);
			runOnlyForDeploymentPostprocessing = 0;
		};
/* End PBXFrameworksBuildPhase section */

/* Begin PBXGroup section */
		32D6D16826775F4A00E53AB1 /* Multi Lobby */ = {
			isa = PBXGroup;
			children = (
				32D6D15E26775CCC00E53AB1 /* MultiLobby.storyboard */,
			);
			path = "Multi Lobby";
			sourceTree = "<group>";
		};
		32D6D16926775F5300E53AB1 /* Floor Selection */ = {
			isa = PBXGroup;
			children = (
				A0D1DA542677D49A00316905 /* FloorSelection.storyboard */,
				A0604D5C267761A100444469 /* FloorSelectionViewController.swift */,
				327C18402678A3B600716D55 /* FloorSelectionButtons.swift */,
			);
			path = "Floor Selection";
			sourceTree = "<group>";
		};
		32D6D16A26775F5C00E53AB1 /* Waiting for Lift */ = {
			isa = PBXGroup;
			children = (
				32D6D16226775CEC00E53AB1 /* WaitingLift.storyboard */,
			);
			path = "Waiting for Lift";
			sourceTree = "<group>";
		};
		32D6D16B26775F6800E53AB1 /* In Lift */ = {
			isa = PBXGroup;
			children = (
				32D6D16426775CFD00E53AB1 /* InLift.storyboard */,
			);
			path = "In Lift";
			sourceTree = "<group>";
		};
		32D6D16C26775F7800E53AB1 /* Searching */ = {
			isa = PBXGroup;
			children = (
				A0604D4E2677594A00444469 /* Main.storyboard */,
				A0604D4C2677594A00444469 /* ViewController.swift */,
			);
			path = Searching;
			sourceTree = "<group>";
		};
		32D6D16D26775F8100E53AB1 /* Globals */ = {
			isa = PBXGroup;
			children = (
				32D6D16626775DF100E53AB1 /* Colors.swift */,
			);
			path = Globals;
			sourceTree = "<group>";
		};
		32D6D17026775FF500E53AB1 /* Bluetooth */ = {
			isa = PBXGroup;
			children = (
				32D6D16E26775F9C00E53AB1 /* Lobby.swift */,
				32D6D171267766CC00E53AB1 /* MSDOS.swift */,
				3256CDF72677C97A00EF4F6C /* MSDOSDelegate.swift */,
				32D6D1732677685500E53AB1 /* Microbit.swift */,
			);
			path = Bluetooth;
			sourceTree = "<group>";
		};
		A0604D3C2677594900444469 = {
			isa = PBXGroup;
			children = (
				A0604D472677594A00444469 /* GRACE */,
				A0604D462677594A00444469 /* Products */,
			);
			sourceTree = "<group>";
		};
		A0604D462677594A00444469 /* Products */ = {
			isa = PBXGroup;
			children = (
				A0604D452677594A00444469 /* GRACE.app */,
			);
			name = Products;
			sourceTree = "<group>";
		};
		A0604D472677594A00444469 /* GRACE */ = {
			isa = PBXGroup;
			children = (
				A0604D482677594A00444469 /* AppDelegate.swift */,
				A0604D4A2677594A00444469 /* SceneDelegate.swift */,
				32D6D17026775FF500E53AB1 /* Bluetooth */,
				32D6D16D26775F8100E53AB1 /* Globals */,
				32D6D16C26775F7800E53AB1 /* Searching */,
				32D6D16826775F4A00E53AB1 /* Multi Lobby */,
				32D6D16926775F5300E53AB1 /* Floor Selection */,
				32D6D16A26775F5C00E53AB1 /* Waiting for Lift */,
				32D6D16B26775F6800E53AB1 /* In Lift */,
				A0604D512677594B00444469 /* Assets.xcassets */,
				A0604D532677594B00444469 /* LaunchScreen.storyboard */,
				A0604D562677594B00444469 /* Info.plist */,
			);
			path = GRACE;
			sourceTree = "<group>";
		};
/* End PBXGroup section */

/* Begin PBXNativeTarget section */
		A0604D442677594900444469 /* GRACE */ = {
			isa = PBXNativeTarget;
			buildConfigurationList = A0604D592677594B00444469 /* Build configuration list for PBXNativeTarget "GRACE" */;
			buildPhases = (
				A0604D412677594900444469 /* Sources */,
				A0604D422677594900444469 /* Frameworks */,
				A0604D432677594900444469 /* Resources */,
			);
			buildRules = (
			);
			dependencies = (
			);
			name = GRACE;
			productName = GRACE;
			productReference = A0604D452677594A00444469 /* GRACE.app */;
			productType = "com.apple.product-type.application";
		};
/* End PBXNativeTarget section */

/* Begin PBXProject section */
		A0604D3D2677594900444469 /* Project object */ = {
			isa = PBXProject;
			attributes = {
				LastSwiftUpdateCheck = 1250;
				LastUpgradeCheck = 1250;
				TargetAttributes = {
					A0604D442677594900444469 = {
						CreatedOnToolsVersion = 12.5;
					};
				};
			};
			buildConfigurationList = A0604D402677594900444469 /* Build configuration list for PBXProject "GRACE" */;
			compatibilityVersion = "Xcode 9.3";
			developmentRegion = en;
			hasScannedForEncodings = 0;
			knownRegions = (
				en,
				Base,
			);
			mainGroup = A0604D3C2677594900444469;
			productRefGroup = A0604D462677594A00444469 /* Products */;
			projectDirPath = "";
			projectRoot = "";
			targets = (
				A0604D442677594900444469 /* GRACE */,
			);
		};
/* End PBXProject section */

/* Begin PBXResourcesBuildPhase section */
		A0604D432677594900444469 /* Resources */ = {
			isa = PBXResourcesBuildPhase;
			buildActionMask = 2147483647;
			files = (
				32D6D16326775CEC00E53AB1 /* WaitingLift.storyboard in Resources */,
				A0604D552677594B00444469 /* LaunchScreen.storyboard in Resources */,
				A0604D522677594B00444469 /* Assets.xcassets in Resources */,
				32D6D16526775CFD00E53AB1 /* InLift.storyboard in Resources */,
				A0604D502677594A00444469 /* Main.storyboard in Resources */,
				32D6D15F26775CCC00E53AB1 /* MultiLobby.storyboard in Resources */,
				A0D1DA552677D49A00316905 /* FloorSelection.storyboard in Resources */,
			);
			runOnlyForDeploymentPostprocessing = 0;
		};
/* End PBXResourcesBuildPhase section */

/* Begin PBXSourcesBuildPhase section */
		A0604D412677594900444469 /* Sources */ = {
			isa = PBXSourcesBuildPhase;
			buildActionMask = 2147483647;
			files = (
				A0604D5D267761A100444469 /* FloorSelectionViewController.swift in Sources */,
				A0604D4D2677594A00444469 /* ViewController.swift in Sources */,
				32D6D16726775DF100E53AB1 /* Colors.swift in Sources */,
				327C18412678A3B600716D55 /* FloorSelectionButtons.swift in Sources */,
				A0604D492677594A00444469 /* AppDelegate.swift in Sources */,
				32D6D1742677685600E53AB1 /* Microbit.swift in Sources */,
				A0604D4B2677594A00444469 /* SceneDelegate.swift in Sources */,
				32D6D172267766CC00E53AB1 /* MSDOS.swift in Sources */,
				32D6D16F26775F9C00E53AB1 /* Lobby.swift in Sources */,
				3256CDF82677C97A00EF4F6C /* MSDOSDelegate.swift in Sources */,
			);
			runOnlyForDeploymentPostprocessing = 0;
		};
/* End PBXSourcesBuildPhase section */

/* Begin PBXVariantGroup section */
		A0604D4E2677594A00444469 /* Main.storyboard */ = {
			isa = PBXVariantGroup;
			children = (
				A0604D4F2677594A00444469 /* Base */,
			);
			name = Main.storyboard;
			sourceTree = "<group>";
		};
		A0604D532677594B00444469 /* LaunchScreen.storyboard */ = {
			isa = PBXVariantGroup;
			children = (
				A0604D542677594B00444469 /* Base */,
			);
			name = LaunchScreen.storyboard;
			sourceTree = "<group>";
		};
/* End PBXVariantGroup section */

/* Begin XCBuildConfiguration section */
		A0604D572677594B00444469 /* Debug */ = {
			isa = XCBuildConfiguration;
			buildSettings = {
				ALWAYS_SEARCH_USER_PATHS = NO;
				CLANG_ANALYZER_NONNULL = YES;
				CLANG_ANALYZER_NUMBER_OBJECT_CONVERSION = YES_AGGRESSIVE;
				CLANG_CXX_LANGUAGE_STANDARD = "gnu++14";
				CLANG_CXX_LIBRARY = "libc++";
				CLANG_ENABLE_MODULES = YES;
				CLANG_ENABLE_OBJC_ARC = YES;
				CLANG_ENABLE_OBJC_WEAK = YES;
				CLANG_WARN_BLOCK_CAPTURE_AUTORELEASING = YES;
				CLANG_WARN_BOOL_CONVERSION = YES;
				CLANG_WARN_COMMA = YES;
				CLANG_WARN_CONSTANT_CONVERSION = YES;
				CLANG_WARN_DEPRECATED_OBJC_IMPLEMENTATIONS = YES;
				CLANG_WARN_DIRECT_OBJC_ISA_USAGE = YES_ERROR;
				CLANG_WARN_DOCUMENTATION_COMMENTS = YES;
				CLANG_WARN_EMPTY_BODY = YES;
				CLANG_WARN_ENUM_CONVERSION = YES;
				CLANG_WARN_INFINITE_RECURSION = YES;
				CLANG_WARN_INT_CONVERSION = YES;
				CLANG_WARN_NON_LITERAL_NULL_CONVERSION = YES;
				CLANG_WARN_OBJC_IMPLICIT_RETAIN_SELF = YES;
				CLANG_WARN_OBJC_LITERAL_CONVERSION = YES;
				CLANG_WARN_OBJC_ROOT_CLASS = YES_ERROR;
				CLANG_WARN_QUOTED_INCLUDE_IN_FRAMEWORK_HEADER = YES;
				CLANG_WARN_RANGE_LOOP_ANALYSIS = YES;
				CLANG_WARN_STRICT_PROTOTYPES = YES;
				CLANG_WARN_SUSPICIOUS_MOVE = YES;
				CLANG_WARN_UNGUARDED_AVAILABILITY = YES_AGGRESSIVE;
				CLANG_WARN_UNREACHABLE_CODE = YES;
				CLANG_WARN__DUPLICATE_METHOD_MATCH = YES;
				COPY_PHASE_STRIP = NO;
				DEBUG_INFORMATION_FORMAT = dwarf;
				ENABLE_STRICT_OBJC_MSGSEND = YES;
				ENABLE_TESTABILITY = YES;
				GCC_C_LANGUAGE_STANDARD = gnu11;
				GCC_DYNAMIC_NO_PIC = NO;
				GCC_NO_COMMON_BLOCKS = YES;
				GCC_OPTIMIZATION_LEVEL = 0;
				GCC_PREPROCESSOR_DEFINITIONS = (
					"DEBUG=1",
					"$(inherited)",
				);
				GCC_WARN_64_TO_32_BIT_CONVERSION = YES;
				GCC_WARN_ABOUT_RETURN_TYPE = YES_ERROR;
				GCC_WARN_UNDECLARED_SELECTOR = YES;
				GCC_WARN_UNINITIALIZED_AUTOS = YES_AGGRESSIVE;
				GCC_WARN_UNUSED_FUNCTION = YES;
				GCC_WARN_UNUSED_VARIABLE = YES;
				IPHONEOS_DEPLOYMENT_TARGET = 14.5;
				MTL_ENABLE_DEBUG_INFO = INCLUDE_SOURCE;
				MTL_FAST_MATH = YES;
				ONLY_ACTIVE_ARCH = YES;
				SDKROOT = iphoneos;
				SWIFT_ACTIVE_COMPILATION_CONDITIONS = DEBUG;
				SWIFT_OPTIMIZATION_LEVEL = "-Onone";
			};
			name = Debug;
		};
		A0604D582677594B00444469 /* Release */ = {
			isa = XCBuildConfiguration;
			buildSettings = {
				ALWAYS_SEARCH_USER_PATHS = NO;
				CLANG_ANALYZER_NONNULL = YES;
				CLANG_ANALYZER_NUMBER_OBJECT_CONVERSION = YES_AGGRESSIVE;
				CLANG_CXX_LANGUAGE_STANDARD = "gnu++14";
				CLANG_CXX_LIBRARY = "libc++";
				CLANG_ENABLE_MODULES = YES;
				CLANG_ENABLE_OBJC_ARC = YES;
				CLANG_ENABLE_OBJC_WEAK = YES;
				CLANG_WARN_BLOCK_CAPTURE_AUTORELEASING = YES;
				CLANG_WARN_BOOL_CONVERSION = YES;
				CLANG_WARN_COMMA = YES;
				CLANG_WARN_CONSTANT_CONVERSION = YES;
				CLANG_WARN_DEPRECATED_OBJC_IMPLEMENTATIONS = YES;
				CLANG_WARN_DIRECT_OBJC_ISA_USAGE = YES_ERROR;
				CLANG_WARN_DOCUMENTATION_COMMENTS = YES;
				CLANG_WARN_EMPTY_BODY = YES;
				CLANG_WARN_ENUM_CONVERSION = YES;
				CLANG_WARN_INFINITE_RECURSION = YES;
				CLANG_WARN_INT_CONVERSION = YES;
				CLANG_WARN_NON_LITERAL_NULL_CONVERSION = YES;
				CLANG_WARN_OBJC_IMPLICIT_RETAIN_SELF = YES;
				CLANG_WARN_OBJC_LITERAL_CONVERSION = YES;
				CLANG_WARN_OBJC_ROOT_CLASS = YES_ERROR;
				CLANG_WARN_QUOTED_INCLUDE_IN_FRAMEWORK_HEADER = YES;
				CLANG_WARN_RANGE_LOOP_ANALYSIS = YES;
				CLANG_WARN_STRICT_PROTOTYPES = YES;
				CLANG_WARN_SUSPICIOUS_MOVE = YES;
				CLANG_WARN_UNGUARDED_AVAILABILITY = YES_AGGRESSIVE;
				CLANG_WARN_UNREACHABLE_CODE = YES;
				CLANG_WARN__DUPLICATE_METHOD_MATCH = YES;
				COPY_PHASE_STRIP = NO;
				DEBUG_INFORMATION_FORMAT = "dwarf-with-dsym";
				ENABLE_NS_ASSERTIONS = NO;
				ENABLE_STRICT_OBJC_MSGSEND = YES;
				GCC_C_LANGUAGE_STANDARD = gnu11;
				GCC_NO_COMMON_BLOCKS = YES;
				GCC_WARN_64_TO_32_BIT_CONVERSION = YES;
				GCC_WARN_ABOUT_RETURN_TYPE = YES_ERROR;
				GCC_WARN_UNDECLARED_SELECTOR = YES;
				GCC_WARN_UNINITIALIZED_AUTOS = YES_AGGRESSIVE;
				GCC_WARN_UNUSED_FUNCTION = YES;
				GCC_WARN_UNUSED_VARIABLE = YES;
				IPHONEOS_DEPLOYMENT_TARGET = 14.5;
				MTL_ENABLE_DEBUG_INFO = NO;
				MTL_FAST_MATH = YES;
				SDKROOT = iphoneos;
				SWIFT_COMPILATION_MODE = wholemodule;
				SWIFT_OPTIMIZATION_LEVEL = "-O";
				VALIDATE_PRODUCT = YES;
			};
			name = Release;
		};
		A0604D5A2677594B00444469 /* Debug */ = {
			isa = XCBuildConfiguration;
			buildSettings = {
				ASSETCATALOG_COMPILER_APPICON_NAME = AppIcon;
				ASSETCATALOG_COMPILER_GLOBAL_ACCENT_COLOR_NAME = AccentColor;
				CODE_SIGN_STYLE = Automatic;
				DEVELOPMENT_TEAM = XL5JK4F896;
				INFOPLIST_FILE = GRACE/Info.plist;
				LD_RUNPATH_SEARCH_PATHS = (
					"$(inherited)",
					"@executable_path/Frameworks",
				);
				PRODUCT_BUNDLE_IDENTIFIER = me.thinkerpal.GRACE;
				PRODUCT_NAME = "$(TARGET_NAME)";
				SWIFT_VERSION = 5.0;
				TARGETED_DEVICE_FAMILY = 1;
			};
			name = Debug;
		};
		A0604D5B2677594B00444469 /* Release */ = {
			isa = XCBuildConfiguration;
			buildSettings = {
				ASSETCATALOG_COMPILER_APPICON_NAME = AppIcon;
				ASSETCATALOG_COMPILER_GLOBAL_ACCENT_COLOR_NAME = AccentColor;
				CODE_SIGN_STYLE = Automatic;
				DEVELOPMENT_TEAM = XL5JK4F896;
				INFOPLIST_FILE = GRACE/Info.plist;
				LD_RUNPATH_SEARCH_PATHS = (
					"$(inherited)",
					"@executable_path/Frameworks",
				);
				PRODUCT_BUNDLE_IDENTIFIER = me.thinkerpal.GRACE;
				PRODUCT_NAME = "$(TARGET_NAME)";
				SWIFT_VERSION = 5.0;
				TARGETED_DEVICE_FAMILY = 1;
			};
			name = Release;
		};
/* End XCBuildConfiguration section */

/* Begin XCConfigurationList section */
		A0604D402677594900444469 /* Build configuration list for PBXProject "GRACE" */ = {
			isa = XCConfigurationList;
			buildConfigurations = (
				A0604D572677594B00444469 /* Debug */,
				A0604D582677594B00444469 /* Release */,
			);
			defaultConfigurationIsVisible = 0;
			defaultConfigurationName = Release;
		};
		A0604D592677594B00444469 /* Build configuration list for PBXNativeTarget "GRACE" */ = {
			isa = XCConfigurationList;
			buildConfigurations = (
				A0604D5A2677594B00444469 /* Debug */,
				A0604D5B2677594B00444469 /* Release */,
			);
			defaultConfigurationIsVisible = 0;
			defaultConfigurationName = Release;
		};
/* End XCConfigurationList section */
	};
	rootObject = A0604D3D2677594900444469 /* Project object */;
}
